PODS:
  - Flutter (1.0.0)
  - framework_plugin (0.0.1):
    - Flutter

DEPENDENCIES:
  - Flutter (from `Flutter`)
  - framework_plugin (from `.symlinks/plugins/framework_plugin/ios`)

EXTERNAL SOURCES:
  Flutter:
    :path: Flutter
  framework_plugin:
    :path: ".symlinks/plugins/framework_plugin/ios"

SPEC CHECKSUMS:
  Flutter: 0e3d915762c693b495b44d77113d4970485de6ec
  framework_plugin: bf309e7ec95fa93b6e45d623e0af3ff852ecdd45

PODFILE CHECKSUM: 8e679eca47255a8ca8067c4c67aab20e64cb974d

COCOAPODS: 1.10.0.beta.2
